// !$*UTF8*$!
{
	archiveVersion = 1;
	classes = {
	};
	objectVersion = 56;
	objects = {

/* Begin PBXBuildFile section */
		5804A3812AC1C05900294449 /* GreyRoundedCell.swift in Sources */ = {isa = PBXBuildFile; fileRef = 5804A3802AC1C05900294449 /* GreyRoundedCell.swift */; };
		5804A3832AC1C55600294449 /* TabBarViewController.swift in Sources */ = {isa = PBXBuildFile; fileRef = 5804A3822AC1C55600294449 /* TabBarViewController.swift */; };
		5804A3852AC1C57100294449 /* CartViewController.swift in Sources */ = {isa = PBXBuildFile; fileRef = 5804A3842AC1C57100294449 /* CartViewController.swift */; };
		5804A3872AC1C57B00294449 /* InfoViewController.swift in Sources */ = {isa = PBXBuildFile; fileRef = 5804A3862AC1C57B00294449 /* InfoViewController.swift */; };
		5804A38A2AC1C69F00294449 /* MenuModel.swift in Sources */ = {isa = PBXBuildFile; fileRef = 5804A3892AC1C69F00294449 /* MenuModel.swift */; };
		5804A38C2AC1C6AD00294449 /* ProductModel.swift in Sources */ = {isa = PBXBuildFile; fileRef = 5804A38B2AC1C6AD00294449 /* ProductModel.swift */; };
		5804A38F2AC1C71700294449 /* APIClient.swift in Sources */ = {isa = PBXBuildFile; fileRef = 5804A38E2AC1C71700294449 /* APIClient.swift */; };
		5804A3912AC1C73F00294449 /* ImageService.swift in Sources */ = {isa = PBXBuildFile; fileRef = 5804A3902AC1C73F00294449 /* ImageService.swift */; };
		5804A3932AC1C76E00294449 /* Formatter.swift in Sources */ = {isa = PBXBuildFile; fileRef = 5804A3922AC1C76E00294449 /* Formatter.swift */; };
		58417E2C2AC0D37400D71B7E /* AppDelegate.swift in Sources */ = {isa = PBXBuildFile; fileRef = 58417E2B2AC0D37400D71B7E /* AppDelegate.swift */; };
		58417E2E2AC0D37400D71B7E /* SceneDelegate.swift in Sources */ = {isa = PBXBuildFile; fileRef = 58417E2D2AC0D37400D71B7E /* SceneDelegate.swift */; };
		58417E302AC0D37400D71B7E /* RootViewController.swift in Sources */ = {isa = PBXBuildFile; fileRef = 58417E2F2AC0D37400D71B7E /* RootViewController.swift */; };
		58417E332AC0D37400D71B7E /* Main.storyboard in Resources */ = {isa = PBXBuildFile; fileRef = 58417E312AC0D37400D71B7E /* Main.storyboard */; };
		58417E352AC0D37500D71B7E /* Assets.xcassets in Resources */ = {isa = PBXBuildFile; fileRef = 58417E342AC0D37500D71B7E /* Assets.xcassets */; };
		58417E382AC0D37500D71B7E /* LaunchScreen.storyboard in Resources */ = {isa = PBXBuildFile; fileRef = 58417E362AC0D37500D71B7E /* LaunchScreen.storyboard */; };
/* End PBXBuildFile section */

/* Begin PBXFileReference section */
		5804A3802AC1C05900294449 /* GreyRoundedCell.swift */ = {isa = PBXFileReference; lastKnownFileType = sourcecode.swift; path = GreyRoundedCell.swift; sourceTree = "<group>"; };
		5804A3822AC1C55600294449 /* TabBarViewController.swift */ = {isa = PBXFileReference; lastKnownFileType = sourcecode.swift; path = TabBarViewController.swift; sourceTree = "<group>"; };
		5804A3842AC1C57100294449 /* CartViewController.swift */ = {isa = PBXFileReference; lastKnownFileType = sourcecode.swift; path = CartViewController.swift; sourceTree = "<group>"; };
		5804A3862AC1C57B00294449 /* InfoViewController.swift */ = {isa = PBXFileReference; lastKnownFileType = sourcecode.swift; path = InfoViewController.swift; sourceTree = "<group>"; };
		5804A3892AC1C69F00294449 /* MenuModel.swift */ = {isa = PBXFileReference; lastKnownFileType = sourcecode.swift; path = MenuModel.swift; sourceTree = "<group>"; };
		5804A38B2AC1C6AD00294449 /* ProductModel.swift */ = {isa = PBXFileReference; lastKnownFileType = sourcecode.swift; path = ProductModel.swift; sourceTree = "<group>"; };
		5804A38E2AC1C71700294449 /* APIClient.swift */ = {isa = PBXFileReference; lastKnownFileType = sourcecode.swift; path = APIClient.swift; sourceTree = "<group>"; };
		5804A3902AC1C73F00294449 /* ImageService.swift */ = {isa = PBXFileReference; lastKnownFileType = sourcecode.swift; path = ImageService.swift; sourceTree = "<group>"; };
		5804A3922AC1C76E00294449 /* Formatter.swift */ = {isa = PBXFileReference; lastKnownFileType = sourcecode.swift; path = Formatter.swift; sourceTree = "<group>"; };
		5804A3942AC1C90100294449 /* README.md */ = {isa = PBXFileReference; lastKnownFileType = net.daringfireball.markdown; path = README.md; sourceTree = "<group>"; };
		58417E282AC0D37400D71B7E /* test-vkus-sovet-uikit.app */ = {isa = PBXFileReference; explicitFileType = wrapper.application; includeInIndex = 0; path = "test-vkus-sovet-uikit.app"; sourceTree = BUILT_PRODUCTS_DIR; };
		58417E2B2AC0D37400D71B7E /* AppDelegate.swift */ = {isa = PBXFileReference; lastKnownFileType = sourcecode.swift; path = AppDelegate.swift; sourceTree = "<group>"; };
		58417E2D2AC0D37400D71B7E /* SceneDelegate.swift */ = {isa = PBXFileReference; lastKnownFileType = sourcecode.swift; path = SceneDelegate.swift; sourceTree = "<group>"; };
		58417E2F2AC0D37400D71B7E /* RootViewController.swift */ = {isa = PBXFileReference; lastKnownFileType = sourcecode.swift; path = RootViewController.swift; sourceTree = "<group>"; };
		58417E322AC0D37400D71B7E /* Base */ = {isa = PBXFileReference; lastKnownFileType = file.storyboard; name = Base; path = Base.lproj/Main.storyboard; sourceTree = "<group>"; };
		58417E342AC0D37500D71B7E /* Assets.xcassets */ = {isa = PBXFileReference; lastKnownFileType = folder.assetcatalog; path = Assets.xcassets; sourceTree = "<group>"; };
		58417E372AC0D37500D71B7E /* Base */ = {isa = PBXFileReference; lastKnownFileType = file.storyboard; name = Base; path = Base.lproj/LaunchScreen.storyboard; sourceTree = "<group>"; };
		58417E392AC0D37500D71B7E /* Info.plist */ = {isa = PBXFileReference; lastKnownFileType = text.plist.xml; path = Info.plist; sourceTree = "<group>"; };
/* End PBXFileReference section */

/* Begin PBXFrameworksBuildPhase section */
		58417E252AC0D37400D71B7E /* Frameworks */ = {
			isa = PBXFrameworksBuildPhase;
			buildActionMask = 2147483647;
			files = (
			);
			runOnlyForDeploymentPostprocessing = 0;
		};
/* End PBXFrameworksBuildPhase section */

/* Begin PBXGroup section */
		5804A37F2AC1C01500294449 /* ViewControllers */ = {
			isa = PBXGroup;
			children = (
				58417E2F2AC0D37400D71B7E /* RootViewController.swift */,
				5804A3802AC1C05900294449 /* GreyRoundedCell.swift */,
				5804A3822AC1C55600294449 /* TabBarViewController.swift */,
				5804A3842AC1C57100294449 /* CartViewController.swift */,
				5804A3862AC1C57B00294449 /* InfoViewController.swift */,
			);
			path = ViewControllers;
			sourceTree = "<group>";
		};
		5804A3882AC1C68100294449 /* Model */ = {
			isa = PBXGroup;
			children = (
				5804A3892AC1C69F00294449 /* MenuModel.swift */,
				5804A38B2AC1C6AD00294449 /* ProductModel.swift */,
			);
			path = Model;
			sourceTree = "<group>";
		};
		5804A38D2AC1C6D400294449 /* Services */ = {
			isa = PBXGroup;
			children = (
				5804A38E2AC1C71700294449 /* APIClient.swift */,
				5804A3902AC1C73F00294449 /* ImageService.swift */,
				5804A3922AC1C76E00294449 /* Formatter.swift */,
			);
			path = Services;
			sourceTree = "<group>";
		};
		58417E1F2AC0D37400D71B7E = {
			isa = PBXGroup;
			children = (
				5804A3942AC1C90100294449 /* README.md */,
				58417E2A2AC0D37400D71B7E /* test-vkus-sovet-uikit */,
				58417E292AC0D37400D71B7E /* Products */,
			);
			sourceTree = "<group>";
		};
		58417E292AC0D37400D71B7E /* Products */ = {
			isa = PBXGroup;
			children = (
				58417E282AC0D37400D71B7E /* test-vkus-sovet-uikit.app */,
			);
			name = Products;
			sourceTree = "<group>";
		};
		58417E2A2AC0D37400D71B7E /* test-vkus-sovet-uikit */ = {
			isa = PBXGroup;
			children = (
				5804A38D2AC1C6D400294449 /* Services */,
				5804A3882AC1C68100294449 /* Model */,
				5804A37F2AC1C01500294449 /* ViewControllers */,
				58417E2B2AC0D37400D71B7E /* AppDelegate.swift */,
				58417E2D2AC0D37400D71B7E /* SceneDelegate.swift */,
				58417E312AC0D37400D71B7E /* Main.storyboard */,
				58417E342AC0D37500D71B7E /* Assets.xcassets */,
				58417E362AC0D37500D71B7E /* LaunchScreen.storyboard */,
				58417E392AC0D37500D71B7E /* Info.plist */,
			);
			path = "test-vkus-sovet-uikit";
			sourceTree = "<group>";
		};
/* End PBXGroup section */

/* Begin PBXNativeTarget section */
		58417E272AC0D37400D71B7E /* test-vkus-sovet-uikit */ = {
			isa = PBXNativeTarget;
			buildConfigurationList = 58417E3C2AC0D37500D71B7E /* Build configuration list for PBXNativeTarget "test-vkus-sovet-uikit" */;
			buildPhases = (
				58417E242AC0D37400D71B7E /* Sources */,
				58417E252AC0D37400D71B7E /* Frameworks */,
				58417E262AC0D37400D71B7E /* Resources */,
			);
			buildRules = (
			);
			dependencies = (
			);
			name = "test-vkus-sovet-uikit";
			productName = "test-vkus-sovet-uikit";
			productReference = 58417E282AC0D37400D71B7E /* test-vkus-sovet-uikit.app */;
			productType = "com.apple.product-type.application";
		};
/* End PBXNativeTarget section */

/* Begin PBXProject section */
		58417E202AC0D37400D71B7E /* Project object */ = {
			isa = PBXProject;
			attributes = {
				BuildIndependentTargetsInParallel = 1;
				LastSwiftUpdateCheck = 1430;
				LastUpgradeCheck = 1430;
				TargetAttributes = {
					58417E272AC0D37400D71B7E = {
						CreatedOnToolsVersion = 14.3.1;
					};
				};
			};
			buildConfigurationList = 58417E232AC0D37400D71B7E /* Build configuration list for PBXProject "test-vkus-sovet-uikit" */;
			compatibilityVersion = "Xcode 14.0";
			developmentRegion = en;
			hasScannedForEncodings = 0;
			knownRegions = (
				en,
				Base,
			);
			mainGroup = 58417E1F2AC0D37400D71B7E;
			productRefGroup = 58417E292AC0D37400D71B7E /* Products */;
			projectDirPath = "";
			projectRoot = "";
			targets = (
				58417E272AC0D37400D71B7E /* test-vkus-sovet-uikit */,
			);
		};
/* End PBXProject section */

/* Begin PBXResourcesBuildPhase section */
		58417E262AC0D37400D71B7E /* Resources */ = {
			isa = PBXResourcesBuildPhase;
			buildActionMask = 2147483647;
			files = (
				58417E382AC0D37500D71B7E /* LaunchScreen.storyboard in Resources */,
				58417E352AC0D37500D71B7E /* Assets.xcassets in Resources */,
				58417E332AC0D37400D71B7E /* Main.storyboard in Resources */,
			);
			runOnlyForDeploymentPostprocessing = 0;
		};
/* End PBXResourcesBuildPhase section */

/* Begin PBXSourcesBuildPhase section */
		58417E242AC0D37400D71B7E /* Sources */ = {
			isa = PBXSourcesBuildPhase;
			buildActionMask = 2147483647;
			files = (
				5804A38A2AC1C69F00294449 /* MenuModel.swift in Sources */,
				5804A3812AC1C05900294449 /* GreyRoundedCell.swift in Sources */,
				58417E302AC0D37400D71B7E /* RootViewController.swift in Sources */,
				5804A38F2AC1C71700294449 /* APIClient.swift in Sources */,
				58417E2C2AC0D37400D71B7E /* AppDelegate.swift in Sources */,
				5804A38C2AC1C6AD00294449 /* ProductModel.swift in Sources */,
				5804A3932AC1C76E00294449 /* Formatter.swift in Sources */,
				5804A3872AC1C57B00294449 /* InfoViewController.swift in Sources */,
				5804A3832AC1C55600294449 /* TabBarViewController.swift in Sources */,
				5804A3912AC1C73F00294449 /* ImageService.swift in Sources */,
				5804A3852AC1C57100294449 /* CartViewController.swift in Sources */,
				58417E2E2AC0D37400D71B7E /* SceneDelegate.swift in Sources */,
			);
			runOnlyForDeploymentPostprocessing = 0;
		};
/* End PBXSourcesBuildPhase section */

/* Begin PBXVariantGroup section */
		58417E312AC0D37400D71B7E /* Main.storyboard */ = {
			isa = PBXVariantGroup;
			children = (
				58417E322AC0D37400D71B7E /* Base */,
			);
			name = Main.storyboard;
			sourceTree = "<group>";
		};
		58417E362AC0D37500D71B7E /* LaunchScreen.storyboard */ = {
			isa = PBXVariantGroup;
			children = (
				58417E372AC0D37500D71B7E /* Base */,
			);
			name = LaunchScreen.storyboard;
			sourceTree = "<group>";
		};
/* End PBXVariantGroup section */

/* Begin XCBuildConfiguration section */
		58417E3A2AC0D37500D71B7E /* Debug */ = {
			isa = XCBuildConfiguration;
			buildSettings = {
				ALWAYS_SEARCH_USER_PATHS = NO;
				CLANG_ANALYZER_NONNULL = YES;
				CLANG_ANALYZER_NUMBER_OBJECT_CONVERSION = YES_AGGRESSIVE;
				CLANG_CXX_LANGUAGE_STANDARD = "gnu++20";
				CLANG_ENABLE_MODULES = YES;
				CLANG_ENABLE_OBJC_ARC = YES;
				CLANG_ENABLE_OBJC_WEAK = YES;
				CLANG_WARN_BLOCK_CAPTURE_AUTORELEASING = YES;
				CLANG_WARN_BOOL_CONVERSION = YES;
				CLANG_WARN_COMMA = YES;
				CLANG_WARN_CONSTANT_CONVERSION = YES;
				CLANG_WARN_DEPRECATED_OBJC_IMPLEMENTATIONS = YES;
				CLANG_WARN_DIRECT_OBJC_ISA_USAGE = YES_ERROR;
				CLANG_WARN_DOCUMENTATION_COMMENTS = YES;
				CLANG_WARN_EMPTY_BODY = YES;
				CLANG_WARN_ENUM_CONVERSION = YES;
				CLANG_WARN_INFINITE_RECURSION = YES;
				CLANG_WARN_INT_CONVERSION = YES;
				CLANG_WARN_NON_LITERAL_NULL_CONVERSION = YES;
				CLANG_WARN_OBJC_IMPLICIT_RETAIN_SELF = YES;
				CLANG_WARN_OBJC_LITERAL_CONVERSION = YES;
				CLANG_WARN_OBJC_ROOT_CLASS = YES_ERROR;
				CLANG_WARN_QUOTED_INCLUDE_IN_FRAMEWORK_HEADER = YES;
				CLANG_WARN_RANGE_LOOP_ANALYSIS = YES;
				CLANG_WARN_STRICT_PROTOTYPES = YES;
				CLANG_WARN_SUSPICIOUS_MOVE = YES;
				CLANG_WARN_UNGUARDED_AVAILABILITY = YES_AGGRESSIVE;
				CLANG_WARN_UNREACHABLE_CODE = YES;
				CLANG_WARN__DUPLICATE_METHOD_MATCH = YES;
				COPY_PHASE_STRIP = NO;
				DEBUG_INFORMATION_FORMAT = dwarf;
				ENABLE_STRICT_OBJC_MSGSEND = YES;
				ENABLE_TESTABILITY = YES;
				GCC_C_LANGUAGE_STANDARD = gnu11;
				GCC_DYNAMIC_NO_PIC = NO;
				GCC_NO_COMMON_BLOCKS = YES;
				GCC_OPTIMIZATION_LEVEL = 0;
				GCC_PREPROCESSOR_DEFINITIONS = (
					"DEBUG=1",
					"$(inherited)",
				);
				GCC_WARN_64_TO_32_BIT_CONVERSION = YES;
				GCC_WARN_ABOUT_RETURN_TYPE = YES_ERROR;
				GCC_WARN_UNDECLARED_SELECTOR = YES;
				GCC_WARN_UNINITIALIZED_AUTOS = YES_AGGRESSIVE;
				GCC_WARN_UNUSED_FUNCTION = YES;
				GCC_WARN_UNUSED_VARIABLE = YES;
				IPHONEOS_DEPLOYMENT_TARGET = 16.4;
				MTL_ENABLE_DEBUG_INFO = INCLUDE_SOURCE;
				MTL_FAST_MATH = YES;
				ONLY_ACTIVE_ARCH = YES;
				SDKROOT = iphoneos;
				SWIFT_ACTIVE_COMPILATION_CONDITIONS = DEBUG;
				SWIFT_OPTIMIZATION_LEVEL = "-Onone";
			};
			name = Debug;
		};
		58417E3B2AC0D37500D71B7E /* Release */ = {
			isa = XCBuildConfiguration;
			buildSettings = {
				ALWAYS_SEARCH_USER_PATHS = NO;
				CLANG_ANALYZER_NONNULL = YES;
				CLANG_ANALYZER_NUMBER_OBJECT_CONVERSION = YES_AGGRESSIVE;
				CLANG_CXX_LANGUAGE_STANDARD = "gnu++20";
				CLANG_ENABLE_MODULES = YES;
				CLANG_ENABLE_OBJC_ARC = YES;
				CLANG_ENABLE_OBJC_WEAK = YES;
				CLANG_WARN_BLOCK_CAPTURE_AUTORELEASING = YES;
				CLANG_WARN_BOOL_CONVERSION = YES;
				CLANG_WARN_COMMA = YES;
				CLANG_WARN_CONSTANT_CONVERSION = YES;
				CLANG_WARN_DEPRECATED_OBJC_IMPLEMENTATIONS = YES;
				CLANG_WARN_DIRECT_OBJC_ISA_USAGE = YES_ERROR;
				CLANG_WARN_DOCUMENTATION_COMMENTS = YES;
				CLANG_WARN_EMPTY_BODY = YES;
				CLANG_WARN_ENUM_CONVERSION = YES;
				CLANG_WARN_INFINITE_RECURSION = YES;
				CLANG_WARN_INT_CONVERSION = YES;
				CLANG_WARN_NON_LITERAL_NULL_CONVERSION = YES;
				CLANG_WARN_OBJC_IMPLICIT_RETAIN_SELF = YES;
				CLANG_WARN_OBJC_LITERAL_CONVERSION = YES;
				CLANG_WARN_OBJC_ROOT_CLASS = YES_ERROR;
				CLANG_WARN_QUOTED_INCLUDE_IN_FRAMEWORK_HEADER = YES;
				CLANG_WARN_RANGE_LOOP_ANALYSIS = YES;
				CLANG_WARN_STRICT_PROTOTYPES = YES;
				CLANG_WARN_SUSPICIOUS_MOVE = YES;
				CLANG_WARN_UNGUARDED_AVAILABILITY = YES_AGGRESSIVE;
				CLANG_WARN_UNREACHABLE_CODE = YES;
				CLANG_WARN__DUPLICATE_METHOD_MATCH = YES;
				COPY_PHASE_STRIP = NO;
				DEBUG_INFORMATION_FORMAT = "dwarf-with-dsym";
				ENABLE_NS_ASSERTIONS = NO;
				ENABLE_STRICT_OBJC_MSGSEND = YES;
				GCC_C_LANGUAGE_STANDARD = gnu11;
				GCC_NO_COMMON_BLOCKS = YES;
				GCC_WARN_64_TO_32_BIT_CONVERSION = YES;
				GCC_WARN_ABOUT_RETURN_TYPE = YES_ERROR;
				GCC_WARN_UNDECLARED_SELECTOR = YES;
				GCC_WARN_UNINITIALIZED_AUTOS = YES_AGGRESSIVE;
				GCC_WARN_UNUSED_FUNCTION = YES;
				GCC_WARN_UNUSED_VARIABLE = YES;
				IPHONEOS_DEPLOYMENT_TARGET = 16.4;
				MTL_ENABLE_DEBUG_INFO = NO;
				MTL_FAST_MATH = YES;
				SDKROOT = iphoneos;
				SWIFT_COMPILATION_MODE = wholemodule;
				SWIFT_OPTIMIZATION_LEVEL = "-O";
				VALIDATE_PRODUCT = YES;
			};
			name = Release;
		};
		58417E3D2AC0D37500D71B7E /* Debug */ = {
			isa = XCBuildConfiguration;
			buildSettings = {
				ASSETCATALOG_COMPILER_APPICON_NAME = AppIcon;
				ASSETCATALOG_COMPILER_GLOBAL_ACCENT_COLOR_NAME = AccentColor;
				CODE_SIGN_STYLE = Automatic;
				CURRENT_PROJECT_VERSION = 1;
				DEVELOPMENT_TEAM = L5N89ZQYBM;
				GENERATE_INFOPLIST_FILE = YES;
				INFOPLIST_FILE = "test-vkus-sovet-uikit/Info.plist";
				INFOPLIST_KEY_UIApplicationSupportsIndirectInputEvents = YES;
				INFOPLIST_KEY_UILaunchStoryboardName = LaunchScreen;
				INFOPLIST_KEY_UIMainStoryboardFile = Main;
				INFOPLIST_KEY_UISupportedInterfaceOrientations_iPad = "UIInterfaceOrientationPortrait UIInterfaceOrientationPortraitUpsideDown UIInterfaceOrientationLandscapeLeft UIInterfaceOrientationLandscapeRight";
				INFOPLIST_KEY_UISupportedInterfaceOrientations_iPhone = "UIInterfaceOrientationPortrait UIInterfaceOrientationLandscapeLeft UIInterfaceOrientationLandscapeRight";
				LD_RUNPATH_SEARCH_PATHS = (
					"$(inherited)",
					"@executable_path/Frameworks",
				);
				MARKETING_VERSION = 1.0;
				PRODUCT_BUNDLE_IDENTIFIER = "vk.com.south.russian.test-vkus-sovet-uikit";
				PRODUCT_NAME = "$(TARGET_NAME)";
				SWIFT_EMIT_LOC_STRINGS = YES;
				SWIFT_VERSION = 5.0;
				TARGETED_DEVICE_FAMILY = "1,2";
			};
			name = Debug;
		};
		58417E3E2AC0D37500D71B7E /* Release */ = {
			isa = XCBuildConfiguration;
			buildSettings = {
				ASSETCATALOG_COMPILER_APPICON_NAME = AppIcon;
				ASSETCATALOG_COMPILER_GLOBAL_ACCENT_COLOR_NAME = AccentColor;
				CODE_SIGN_STYLE = Automatic;
				CURRENT_PROJECT_VERSION = 1;
				DEVELOPMENT_TEAM = L5N89ZQYBM;
				GENERATE_INFOPLIST_FILE = YES;
				INFOPLIST_FILE = "test-vkus-sovet-uikit/Info.plist";
				INFOPLIST_KEY_UIApplicationSupportsIndirectInputEvents = YES;
				INFOPLIST_KEY_UILaunchStoryboardName = LaunchScreen;
				INFOPLIST_KEY_UIMainStoryboardFile = Main;
				INFOPLIST_KEY_UISupportedInterfaceOrientations_iPad = "UIInterfaceOrientationPortrait UIInterfaceOrientationPortraitUpsideDown UIInterfaceOrientationLandscapeLeft UIInterfaceOrientationLandscapeRight";
				INFOPLIST_KEY_UISupportedInterfaceOrientations_iPhone = "UIInterfaceOrientationPortrait UIInterfaceOrientationLandscapeLeft UIInterfaceOrientationLandscapeRight";
				LD_RUNPATH_SEARCH_PATHS = (
					"$(inherited)",
					"@executable_path/Frameworks",
				);
				MARKETING_VERSION = 1.0;
				PRODUCT_BUNDLE_IDENTIFIER = "vk.com.south.russian.test-vkus-sovet-uikit";
				PRODUCT_NAME = "$(TARGET_NAME)";
				SWIFT_EMIT_LOC_STRINGS = YES;
				SWIFT_VERSION = 5.0;
				TARGETED_DEVICE_FAMILY = "1,2";
			};
			name = Release;
		};
/* End XCBuildConfiguration section */

/* Begin XCConfigurationList section */
		58417E232AC0D37400D71B7E /* Build configuration list for PBXProject "test-vkus-sovet-uikit" */ = {
			isa = XCConfigurationList;
			buildConfigurations = (
				58417E3A2AC0D37500D71B7E /* Debug */,
				58417E3B2AC0D37500D71B7E /* Release */,
			);
			defaultConfigurationIsVisible = 0;
			defaultConfigurationName = Release;
		};
		58417E3C2AC0D37500D71B7E /* Build configuration list for PBXNativeTarget "test-vkus-sovet-uikit" */ = {
			isa = XCConfigurationList;
			buildConfigurations = (
				58417E3D2AC0D37500D71B7E /* Debug */,
				58417E3E2AC0D37500D71B7E /* Release */,
			);
			defaultConfigurationIsVisible = 0;
			defaultConfigurationName = Release;
		};
/* End XCConfigurationList section */
	};
	rootObject = 58417E202AC0D37400D71B7E /* Project object */;
}
